github.com/BurntSushi/toml v0.3.1 h1:WXkYYl6Yr3qBf1K79EBnL4mak0OimBfB0XUf9Vl28OQ=
github.com/BurntSushi/toml v0.3.1/go.mod h1:xHWCNGjB5oqiDr8zfno3MHue2Ht5sIBksp03qcyfWMU=
github.com/TylerBrock/colorjson v0.0.0-20200706003622-8a50f05110d2 h1:ZBbLwSJqkHBuFDA6DUhhse0IGJ7T5bemHyNILUjvOq4=
github.com/TylerBrock/colorjson v0.0.0-20200706003622-8a50f05110d2/go.mod h1:VSw57q4QFiWDbRnjdX8Cb3Ow0SFncRw+bA/ofY6Q83w=
github.com/aws/aws-sdk-go-v2 v1.1.0 h1:sKP6QWxdN1oRYjl+k6S3bpgBI+XUx/0mqVOLIw4lR/Q=
github.com/aws/aws-sdk-go-v2 v1.1.0/go.mod h1:smfAbmpW+tcRVuNUjo3MOArSZmW72t62rkCzc2i0TWM=
github.com/aws/aws-sdk-go-v2 v1.2.0 h1:BS+UYpbsElC82gB+2E2jiCBg36i8HlubTB/dO/moQ9c=
github.com/aws/aws-sdk-go-v2 v1.2.0/go.mod h1:zEQs02YRBw1DjK0PoJv3ygDYOFTre1ejlJWl8FwAuQo=
github.com/aws/aws-sdk-go-v2/config v1.1.0 h1:f3QVGpAcKrWpYNhKB8hE/buMjcfei95buQ5xdr/xYcU=
github.com/aws/aws-sdk-go-v2/config v1.1.0/go.mod h1:zfTyI6wH8yiZEvb6hGVza+S5oIB2lts2M7TDB4zMoeo=
github.com/aws/aws-sdk-go-v2/config v1.1.1 h1:ZAoq32boMzcaTW9bcUacBswAmHTbvlvDJICgHFZuECo=
github.com/aws/aws-sdk-go-v2/config v1.1.1/go.mod h1:0XsVy9lBI/BCXm+2Tuvt39YmdHwS5unDQmxZOYe8F5Y=
github.com/aws/aws-sdk-go-v2/credentials v1.1.0 h1:RV0yzjGSNnJhTBco+01lwvWlc2m8gqBfha3D9dQDk78=
github.com/aws/aws-sdk-go-v2/credentials v1.1.0/go.mod h1:cV0qgln5tz/76IxAV0EsJVmmR5ZzKSQwWixsIvzk6lY=
github.com/aws/aws-sdk-go-v2/credentials v1.1.1 h1:NbvWIM1Mx6sNPTxowHgS2ewXCRp+NGTzUYb/96FZJbY=
github.com/aws/aws-sdk-go-v2/credentials v1.1.1/go.mod h1:mM2iIjwl7LULWtS6JCACyInboHirisUUdkBPoTHMOUo=
github.com/aws/aws-sdk-go-v2/feature/ec2/imds v1.0.1 h1:eoT5e1jJf8Vcacu+mkEe1cgsgEAkuabpjhgq03GiXKc=
github.com/aws/aws-sdk-go-v2/feature/ec2/imds v1.0.1/go.mod h1:b+8dhYiS3m1xpzTZWk5EuQml/vSmPhKlzM/bAm/fttY=
github.com/aws/aws-sdk-go-v2/feature/ec2/imds v1.0.2 h1:EtEU7WRaWliitZh2nmuxEXrN0Cb8EgPUFGIoTMeqbzI=
github.com/aws/aws-sdk-go-v2/feature/ec2/imds v1.0.2/go.mod h1:3hGg3PpiEjHnrkrlasTfxFqUsZ2GCk/fMUn4CbKgSkM=
github.com/aws/aws-sdk-go-v2/service/eventbridge v1.1.0 h1:VP1Wkcvw9UlzWnNUljsn4j0s6QsbJxb3kVdzLf0Ge/o=
github.com/aws/aws-sdk-go-v2/service/eventbridge v1.1.0/go.mod h1:byM5LFV6QQ3U/OQvCO6J/9JcAazqMK/7tPF8sVFn48g=
github.com/aws/aws-sdk-go-v2/service/eventbridge v1.1.1 h1:7DUa43nuCc3d7D1RQWjM5CEXtJgatiIegYMBhIzayRs=
github.com/aws/aws-sdk-go-v2/service/eventbridge v1.1.1/go.mod h1:riLfJETT5gVrYVOutYx7WPGpu0waC40pBHSD1xkiREs=
github.com/aws/aws-sdk-go-v2/service/internal/presigned-url v1.0.1 h1:E7zGGgca12s7jA3VqirtaltXj5Wwe5eUIsUlNl1v+d8=
github.com/aws/aws-sdk-go-v2/service/internal/presigned-url v1.0.1/go.mod h1:PISaKWylTYAyruocNk4Lr9miOOJjOcVBd7twCPbydDk=
github.com/aws/aws-sdk-go-v2/service/internal/presigned-url v1.0.2 h1:4AH9fFjUlVktQMznF+YN33aWNXaR4VgDXyP28qokJC0=
github.com/aws/aws-sdk-go-v2/service/internal/presigned-url v1.0.2/go.mod h1:45MfaXZ0cNbeuT0KQ1XJylq8A6+OpVV2E5kvY/Kq+u8=